
// !$*UTF8*$!
{
	archiveVersion = 1;
	classes = {
	};
	objectVersion = 55;
	objects = {

/* Begin PBXBuildFile section */
		944800E2280EE8ED00D7E44C /* AppDelegate.swift in Sources */ = {isa = PBXBuildFile; fileRef = 944800E1280EE8ED00D7E44C /* AppDelegate.swift */; };
		944800E4280EE8ED00D7E44C /* SceneDelegate.swift in Sources */ = {isa = PBXBuildFile; fileRef = 944800E3280EE8ED00D7E44C /* SceneDelegate.swift */; };
		944800E9280EE8ED00D7E44C /* Main.storyboard in Resources */ = {isa = PBXBuildFile; fileRef = 944800E7280EE8ED00D7E44C /* Main.storyboard */; };
		944800EB280EE8EE00D7E44C /* Assets.xcassets in Resources */ = {isa = PBXBuildFile; fileRef = 944800EA280EE8EE00D7E44C /* Assets.xcassets */; };
		944800EE280EE8EE00D7E44C /* LaunchScreen.storyboard in Resources */ = {isa = PBXBuildFile; fileRef = 944800EC280EE8EE00D7E44C /* LaunchScreen.storyboard */; };
		944800F9280EE8EE00D7E44C /* StockRankTests.swift in Sources */ = {isa = PBXBuildFile; fileRef = 944800F8280EE8EE00D7E44C /* StockRankTests.swift */; };
		94480103280EE8EE00D7E44C /* StockRankUITests.swift in Sources */ = {isa = PBXBuildFile; fileRef = 94480102280EE8EE00D7E44C /* StockRankUITests.swift */; };
		94480105280EE8EE00D7E44C /* StockRankUITestsLaunchTests.swift in Sources */ = {isa = PBXBuildFile; fileRef = 94480104280EE8EE00D7E44C /* StockRankUITestsLaunchTests.swift */; };
		94480116280EF1E800D7E44C /* StockModel.swift in Sources */ = {isa = PBXBuildFile; fileRef = 94480115280EF1E800D7E44C /* StockModel.swift */; };
		F88489FE28AAA1C6002363BA /* StockRankViewController.swift in Sources */ = {isa = PBXBuildFile; fileRef = F88489FD28AAA1C6002363BA /* StockRankViewController.swift */; };
		F8848A0028AC079B002363BA /* StockRankCollectionViewCell.swift in Sources */ = {isa = PBXBuildFile; fileRef = F88489FF28AC079B002363BA /* StockRankCollectionViewCell.swift */; };
/* End PBXBuildFile section */

/* Begin PBXContainerItemProxy section */
		944800F5280EE8EE00D7E44C /* PBXContainerItemProxy */ = {
			isa = PBXContainerItemProxy;
			containerPortal = 944800D6280EE8ED00D7E44C /* Project object */;
			proxyType = 1;
			remoteGlobalIDString = 944800DD280EE8ED00D7E44C;
			remoteInfo = StockRank;
		};
		944800FF280EE8EE00D7E44C /* PBXContainerItemProxy */ = {
			isa = PBXContainerItemProxy;
			containerPortal = 944800D6280EE8ED00D7E44C /* Project object */;
			proxyType = 1;
			remoteGlobalIDString = 944800DD280EE8ED00D7E44C;
			remoteInfo = StockRank;
		};