
// !$*UTF8*$!
{
	archiveVersion = 1;
	classes = {
	};
	objectVersion = 55;
	objects = {

/* Begin PBXBuildFile section */
		944800E2280EE8ED00D7E44C /* AppDelegate.swift in Sources */ = {isa = PBXBuildFile; fileRef = 944800E1280EE8ED00D7E44C /* AppDelegate.swift */; };
		944800E4280EE8ED00D7E44C /* SceneDelegate.swift in Sources */ = {isa = PBXBuildFile; fileRef = 944800E3280EE8ED00D7E44C /* SceneDelegate.swift */; };
		944800E9280EE8ED00D7E44C /* Main.storyboard in Resources */ = {isa = PBXBuildFile; fileRef = 944800E7280EE8ED00D7E44C /* Main.storyboard */; };
		944800EB280EE8EE00D7E44C /* Assets.xcassets in Resources */ = {isa = PBXBuildFile; fileRef = 944800EA280EE8EE00D7E44C /* Assets.xcassets */; };
		944800EE280EE8EE00D7E44C /* LaunchScreen.storyboard in Resources */ = {isa = PBXBuildFile; fileRef = 944800EC280EE8EE00D7E44C /* LaunchScreen.storyboard */; };
		944800F9280EE8EE00D7E44C /* StockRankTests.swift in Sources */ = {isa = PBXBuildFile; fileRef = 944800F8280EE8EE00D7E44C /* StockRankTests.swift */; };
		94480103280EE8EE00D7E44C /* StockRankUITests.swift in Sources */ = {isa = PBXBuildFile; fileRef = 94480102280EE8EE00D7E44C /* StockRankUITests.swift */; };
		94480105280EE8EE00D7E44C /* StockRankUITestsLaunchTests.swift in Sources */ = {isa = PBXBuildFile; fileRef = 94480104280EE8EE00D7E44C /* StockRankUITestsLaunchTests.swift */; };
		94480116280EF1E800D7E44C /* StockModel.swift in Sources */ = {isa = PBXBuildFile; fileRef = 94480115280EF1E800D7E44C /* StockModel.swift */; };
		F88489FE28AAA1C6002363BA /* StockRankViewController.swift in Sources */ = {isa = PBXBuildFile; fileRef = F88489FD28AAA1C6002363BA /* StockRankViewController.swift */; };
		F8848A0028AC079B002363BA /* StockRankCollectionViewCell.swift in Sources */ = {isa = PBXBuildFile; fileRef = F88489FF28AC079B002363BA /* StockRankCollectionViewCell.swift */; };
/* End PBXBuildFile section */

/* Begin PBXContainerItemProxy section */
		944800F5280EE8EE00D7E44C /* PBXContainerItemProxy */ = {
			isa = PBXContainerItemProxy;
			containerPortal = 944800D6280EE8ED00D7E44C /* Project object */;
			proxyType = 1;
			remoteGlobalIDString = 944800DD280EE8ED00D7E44C;
			remoteInfo = StockRank;
		};
		944800FF280EE8EE00D7E44C /* PBXContainerItemProxy */ = {
			isa = PBXContainerItemProxy;
			containerPortal = 944800D6280EE8ED00D7E44C /* Project object */;
			proxyType = 1;
			remoteGlobalIDString = 944800DD280EE8ED00D7E44C;
			remoteInfo = StockRank;
		};
/* End PBXContainerItemProxy section */

/* Begin PBXFileReference section */
		944800DE280EE8ED00D7E44C /* StockRank.app */ = {isa = PBXFileReference; explicitFileType = wrapper.application; includeInIndex = 0; path = StockRank.app; sourceTree = BUILT_PRODUCTS_DIR; };
		944800E1280EE8ED00D7E44C /* AppDelegate.swift */ = {isa = PBXFileReference; lastKnownFileType = sourcecode.swift; path = AppDelegate.swift; sourceTree = "<group>"; };
		944800E3280EE8ED00D7E44C /* SceneDelegate.swift */ = {isa = PBXFileReference; lastKnownFileType = sourcecode.swift; path = SceneDelegate.swift; sourceTree = "<group>"; };
		944800E8280EE8ED00D7E44C /* Base */ = {isa = PBXFileReference; lastKnownFileType = file.storyboard; name = Base; path = Base.lproj/Main.storyboard; sourceTree = "<group>"; };
		944800EA280EE8EE00D7E44C /* Assets.xcassets */ = {isa = PBXFileReference; lastKnownFileType = folder.assetcatalog; path = Assets.xcassets; sourceTree = "<group>"; };
		944800ED280EE8EE00D7E44C /* Base */ = {isa = PBXFileReference; lastKnownFileType = file.storyboard; name = Base; path = Base.lproj/LaunchScreen.storyboard; sourceTree = "<group>"; };
		944800EF280EE8EE00D7E44C /* Info.plist */ = {isa = PBXFileReference; lastKnownFileType = text.plist.xml; path = Info.plist; sourceTree = "<group>"; };
		944800F4280EE8EE00D7E44C /* StockRankTests.xctest */ = {isa = PBXFileReference; explicitFileType = wrapper.cfbundle; includeInIndex = 0; path = StockRankTests.xctest; sourceTree = BUILT_PRODUCTS_DIR; };
		944800F8280EE8EE00D7E44C /* StockRankTests.swift */ = {isa = PBXFileReference; lastKnownFileType = sourcecode.swift; path = StockRankTests.swift; sourceTree = "<group>"; };
		944800FE280EE8EE00D7E44C /* StockRankUITests.xctest */ = {isa = PBXFileReference; explicitFileType = wrapper.cfbundle; includeInIndex = 0; path = StockRankUITests.xctest; sourceTree = BUILT_PRODUCTS_DIR; };
		94480102280EE8EE00D7E44C /* StockRankUITests.swift */ = {isa = PBXFileReference; lastKnownFileType = sourcecode.swift; path = StockRankUITests.swift; sourceTree = "<group>"; };
		94480104280EE8EE00D7E44C /* StockRankUITestsLaunchTests.swift */ = {isa = PBXFileReference; lastKnownFileType = sourcecode.swift; path = StockRankUITestsLaunchTests.swift; sourceTree = "<group>"; };
		94480115280EF1E800D7E44C /* StockModel.swift */ = {isa = PBXFileReference; lastKnownFileType = sourcecode.swift; path = StockModel.swift; sourceTree = "<group>"; };
		F88489FD28AAA1C6002363BA /* StockRankViewController.swift */ = {isa = PBXFileReference; lastKnownFileType = sourcecode.swift; path = StockRankViewController.swift; sourceTree = "<group>"; };
		F88489FF28AC079B002363BA /* StockRankCollectionViewCell.swift */ = {isa = PBXFileReference; lastKnownFileType = sourcecode.swift; path = StockRankCollectionViewCell.swift; sourceTree = "<group>"; };
/* End PBXFileReference section */

/* Begin PBXFrameworksBuildPhase section */
		944800DB280EE8ED00D7E44C /* Frameworks */ = {
			isa = PBXFrameworksBuildPhase;
			buildActionMask = 2147483647;
			files = (
			);
			runOnlyForDeploymentPostprocessing = 0;
		};
		944800F1280EE8EE00D7E44C /* Frameworks */ = {
			isa = PBXFrameworksBuildPhase;
			buildActionMask = 2147483647;
			files = (
			);
			runOnlyForDeploymentPostprocessing = 0;
		};
		944800FB280EE8EE00D7E44C /* Frameworks */ = {
			isa = PBXFrameworksBuildPhase;
			buildActionMask = 2147483647;
			files = (
			);
			runOnlyForDeploymentPostprocessing = 0;
		};
/* End PBXFrameworksBuildPhase section */

/* Begin PBXGroup section */
		944800D5280EE8ED00D7E44C = {
			isa = PBXGroup;
			children = (
				944800E0280EE8ED00D7E44C /* StockRank */,
				944800F7280EE8EE00D7E44C /* StockRankTests */,
				94480101280EE8EE00D7E44C /* StockRankUITests */,